// !$*UTF8*$!
{
	archiveVersion = 1;
	classes = {
	};
	objectVersion = 46;
	objects = {

/* Begin PBXBuildFile section */
		38917DC7CEDDF9E17C804977 /* Pods_Don_tStressItUITests.framework in Frameworks */ = {isa = PBXBuildFile; fileRef = BFCD8080F5582970B95B84B4 /* Pods_Don_tStressItUITests.framework */; };
		6F9CAAEB24DCFA509B5CE339 /* Pods_Don_tStressItTests.framework in Frameworks */ = {isa = PBXBuildFile; fileRef = BA83680C34243BE93984498B /* Pods_Don_tStressItTests.framework */; };
		8BE0D25C98551C529D660BE0 /* Pods_Don_tStressIt.framework in Frameworks */ = {isa = PBXBuildFile; fileRef = 29FDC48A1A9565E4D689582C /* Pods_Don_tStressIt.framework */; };
		A10CC6461E9963B9001A28EC /* AppDelegate.swift in Sources */ = {isa = PBXBuildFile; fileRef = A10CC6451E9963B9001A28EC /* AppDelegate.swift */; };
		A10CC6481E9963B9001A28EC /* ViewController.swift in Sources */ = {isa = PBXBuildFile; fileRef = A10CC6471E9963B9001A28EC /* ViewController.swift */; };
		A10CC64B1E9963B9001A28EC /* Main.storyboard in Resources */ = {isa = PBXBuildFile; fileRef = A10CC6491E9963B9001A28EC /* Main.storyboard */; };
		A10CC64D1E9963B9001A28EC /* Assets.xcassets in Resources */ = {isa = PBXBuildFile; fileRef = A10CC64C1E9963B9001A28EC /* Assets.xcassets */; };
		A10CC6501E9963B9001A28EC /* LaunchScreen.storyboard in Resources */ = {isa = PBXBuildFile; fileRef = A10CC64E1E9963B9001A28EC /* LaunchScreen.storyboard */; };
		A10CC65B1E9963BA001A28EC /* Don_tStressItTests.swift in Sources */ = {isa = PBXBuildFile; fileRef = A10CC65A1E9963BA001A28EC /* Don_tStressItTests.swift */; };
		A10CC6661E9963BA001A28EC /* Don_tStressItUITests.swift in Sources */ = {isa = PBXBuildFile; fileRef = A10CC6651E9963BA001A28EC /* Don_tStressItUITests.swift */; };
		A16AA7021E998F2300977B9E /* StudentUserViewController.swift in Sources */ = {isa = PBXBuildFile; fileRef = A16AA7011E998F2300977B9E /* StudentUserViewController.swift */; };
		A16AA7041E998F6E00977B9E /* TutorUserViewController.swift in Sources */ = {isa = PBXBuildFile; fileRef = A16AA7031E998F6E00977B9E /* TutorUserViewController.swift */; };
/* End PBXBuildFile section */

/* Begin PBXContainerItemProxy section */
		A10CC6571E9963BA001A28EC /* PBXContainerItemProxy */ = {
			isa = PBXContainerItemProxy;
			containerPortal = A10CC63A1E9963B9001A28EC /* Project object */;
			proxyType = 1;
			remoteGlobalIDString = A10CC6411E9963B9001A28EC;
			remoteInfo = "Don'tStressIt";
		};
		A10CC6621E9963BA001A28EC /* PBXContainerItemProxy */ = {
			isa = PBXContainerItemProxy;
			containerPortal = A10CC63A1E9963B9001A28EC /* Project object */;
			proxyType = 1;
			remoteGlobalIDString = A10CC6411E9963B9001A28EC;
			remoteInfo = "Don'tStressIt";
		};
/* End PBXContainerItemProxy section */

/* Begin PBXFileReference section */
		29FDC48A1A9565E4D689582C /* Pods_Don_tStressIt.framework */ = {isa = PBXFileReference; explicitFileType = wrapper.framework; includeInIndex = 0; path = Pods_Don_tStressIt.framework; sourceTree = BUILT_PRODUCTS_DIR; };
		87A8AADCDA3D18432BCBAA93 /* Pods-Don'tStressItUITests.debug.xcconfig */ = {isa = PBXFileReference; includeInIndex = 1; lastKnownFileType = text.xcconfig; name = "Pods-Don'tStressItUITests.debug.xcconfig"; path = "Pods/Target Support Files/Pods-Don'tStressItUITests/Pods-Don'tStressItUITests.debug.xcconfig"; sourceTree = "<group>"; };
		887E9492E97ED24EFAD20648 /* Pods-Don'tStressItTests.release.xcconfig */ = {isa = PBXFileReference; includeInIndex = 1; lastKnownFileType = text.xcconfig; name = "Pods-Don'tStressItTests.release.xcconfig"; path = "Pods/Target Support Files/Pods-Don'tStressItTests/Pods-Don'tStressItTests.release.xcconfig"; sourceTree = "<group>"; };
		A10CC6421E9963B9001A28EC /* Don'tStressIt.app */ = {isa = PBXFileReference; explicitFileType = wrapper.application; includeInIndex = 0; path = "Don'tStressIt.app"; sourceTree = BUILT_PRODUCTS_DIR; };
		A10CC6451E9963B9001A28EC /* AppDelegate.swift */ = {isa = PBXFileReference; lastKnownFileType = sourcecode.swift; path = AppDelegate.swift; sourceTree = "<group>"; };
		A10CC6471E9963B9001A28EC /* ViewController.swift */ = {isa = PBXFileReference; lastKnownFileType = sourcecode.swift; path = ViewController.swift; sourceTree = "<group>"; };
		A10CC64A1E9963B9001A28EC /* Base */ = {isa = PBXFileReference; lastKnownFileType = file.storyboard; name = Base; path = Base.lproj/Main.storyboard; sourceTree = "<group>"; };
		A10CC64C1E9963B9001A28EC /* Assets.xcassets */ = {isa = PBXFileReference; lastKnownFileType = folder.assetcatalog; path = Assets.xcassets; sourceTree = "<group>"; };
		A10CC64F1E9963B9001A28EC /* Base */ = {isa = PBXFileReference; lastKnownFileType = file.storyboard; name = Base; path = Base.lproj/LaunchScreen.storyboard; sourceTree = "<group>"; };
		A10CC6511E9963B9001A28EC /* Info.plist */ = {isa = PBXFileReference; lastKnownFileType = text.plist.xml; path = Info.plist; sourceTree = "<group>"; };
		A10CC6561E9963BA001A28EC /* Don'tStressItTests.xctest */ = {isa = PBXFileReference; explicitFileType = wrapper.cfbundle; includeInIndex = 0; path = "Don'tStressItTests.xctest"; sourceTree = BUILT_PRODUCTS_DIR; };
		A10CC65A1E9963BA001A28EC /* Don_tStressItTests.swift */ = {isa = PBXFileReference; lastKnownFileType = sourcecode.swift; path = Don_tStressItTests.swift; sourceTree = "<group>"; };
		A10CC65C1E9963BA001A28EC /* Info.plist */ = {isa = PBXFileReference; lastKnownFileType = text.plist.xml; path = Info.plist; sourceTree = "<group>"; };
		A10CC6611E9963BA001A28EC /* Don'tStressItUITests.xctest */ = {isa = PBXFileReference; explicitFileType = wrapper.cfbundle; includeInIndex = 0; path = "Don'tStressItUITests.xctest"; sourceTree = BUILT_PRODUCTS_DIR; };
		A10CC6651E9963BA001A28EC /* Don_tStressItUITests.swift */ = {isa = PBXFileReference; lastKnownFileType = sourcecode.swift; path = Don_tStressItUITests.swift; sourceTree = "<group>"; };
		A10CC6671E9963BA001A28EC /* Info.plist */ = {isa = PBXFileReference; lastKnownFileType = text.plist.xml; path = Info.plist; sourceTree = "<group>"; };
		A16AA7011E998F2300977B9E /* StudentUserViewController.swift */ = {isa = PBXFileReference; fileEncoding = 4; lastKnownFileType = sourcecode.swift; path = StudentUserViewController.swift; sourceTree = "<group>"; };
		A16AA7031E998F6E00977B9E /* TutorUserViewController.swift */ = {isa = PBXFileReference; fileEncoding = 4; lastKnownFileType = sourcecode.swift; path = TutorUserViewController.swift; sourceTree = "<group>"; };
		BA83680C34243BE93984498B /* Pods_Don_tStressItTests.framework */ = {isa = PBXFileReference; explicitFileType = wrapper.framework; includeInIndex = 0; path = Pods_Don_tStressItTests.framework; sourceTree = BUILT_PRODUCTS_DIR; };
		BFCD8080F5582970B95B84B4 /* Pods_Don_tStressItUITests.framework */ = {isa = PBXFileReference; explicitFileType = wrapper.framework; includeInIndex = 0; path = Pods_Don_tStressItUITests.framework; sourceTree = BUILT_PRODUCTS_DIR; };
		E0E875E6756549C88916C6A0 /* Pods-Don'tStressItTests.debug.xcconfig */ = {isa = PBXFileReference; includeInIndex = 1; lastKnownFileType = text.xcconfig; name = "Pods-Don'tStressItTests.debug.xcconfig"; path = "Pods/Target Support Files/Pods-Don'tStressItTests/Pods-Don'tStressItTests.debug.xcconfig"; sourceTree = "<group>"; };
		EF2CDC04576756CA306D91AA /* Pods-Don'tStressIt.debug.xcconfig */ = {isa = PBXFileReference; includeInIndex = 1; lastKnownFileType = text.xcconfig; name = "Pods-Don'tStressIt.debug.xcconfig"; path = "Pods/Target Support Files/Pods-Don'tStressIt/Pods-Don'tStressIt.debug.xcconfig"; sourceTree = "<group>"; };
		FA2BDBD5BA0DAD2A1E4111E4 /* Pods-Don'tStressItUITests.release.xcconfig */ = {isa = PBXFileReference; includeInIndex = 1; lastKnownFileType = text.xcconfig; name = "Pods-Don'tStressItUITests.release.xcconfig"; path = "Pods/Target Support Files/Pods-Don'tStressItUITests/Pods-Don'tStressItUITests.release.xcconfig"; sourceTree = "<group>"; };
		FB144D21252C5EF5C21CF6B9 /* Pods-Don'tStressIt.release.xcconfig */ = {isa = PBXFileReference; includeInIndex = 1; lastKnownFileType = text.xcconfig; name = "Pods-Don'tStressIt.release.xcconfig"; path = "Pods/Target Support Files/Pods-Don'tStressIt/Pods-Don'tStressIt.release.xcconfig"; sourceTree = "<group>"; };
/* End PBXFileReference section */

/* Begin PBXFrameworksBuildPhase section */
		A10CC63F1E9963B9001A28EC /* Frameworks */ = {
			isa = PBXFrameworksBuildPhase;
			buildActionMask = 2147483647;
			files = (
				8BE0D25C98551C529D660BE0 /* Pods_Don_tStressIt.framework in Frameworks */,
			);
			runOnlyForDeploymentPostprocessing = 0;
		};
		A10CC6531E9963BA001A28EC /* Frameworks */ = {
			isa = PBXFrameworksBuildPhase;
			buildActionMask = 2147483647;
			files = (
				6F9CAAEB24DCFA509B5CE339 /* Pods_Don_tStressItTests.framework in Frameworks */,
			);
			runOnlyForDeploymentPostprocessing = 0;
		};
		A10CC65E1E9963BA001A28EC /* Frameworks */ = {
			isa = PBXFrameworksBuildPhase;
			buildActionMask = 2147483647;
			files = (
				38917DC7CEDDF9E17C804977 /* Pods_Don_tStressItUITests.framework in Frameworks */,
			);
			runOnlyForDeploymentPostprocessing = 0;
		};
/* End PBXFrameworksBuildPhase section */

/* Begin PBXGroup section */
		A10CC6391E9963B9001A28EC = {
			isa = PBXGroup;
			children = (
				A10CC6441E9963B9001A28EC /* Don'tStressIt */,
				A10CC6591E9963BA001A28EC /* Don'tStressItTests */,
				A10CC6641E9963BA001A28EC /* Don'tStressItUITests */,
				A10CC6431E9963B9001A28EC /* Products */,
				EC931D57B48AEF9D585EA5DB /* Pods */,
				C2F8323CE46037415B5BE380 /* Frameworks */,
			);
			sourceTree = "<group>";
		};
		A10CC6431E9963B9001A28EC /* Products */ = {
			isa = PBXGroup;
			children = (
				A10CC6421E9963B9001A28EC /* Don'tStressIt.app */,
				A10CC6561E9963BA001A28EC /* Don'tStressItTests.xctest */,
				A10CC6611E9963BA001A28EC /* Don'tStressItUITests.xctest */,
			);
			name = Products;
			sourceTree = "<group>";
		};
		A10CC6441E9963B9001A28EC /* Don'tStressIt */ = {
			isa = PBXGroup;
			children = (
				A10CC6451E9963B9001A28EC /* AppDelegate.swift */,
				A10CC6471E9963B9001A28EC /* ViewController.swift */,
				A10CC6491E9963B9001A28EC /* Main.storyboard */,
				A16AA7011E998F2300977B9E /* StudentUserViewController.swift */,
				A16AA7031E998F6E00977B9E /* TutorUserViewController.swift */,
				A10CC64C1E9963B9001A28EC /* Assets.xcassets */,
				A10CC64E1E9963B9001A28EC /* LaunchScreen.storyboard */,
				A10CC6511E9963B9001A28EC /* Info.plist */,
			);
			path = "Don'tStressIt";
			sourceTree = "<group>";
		};
		A10CC6591E9963BA001A28EC /* Don'tStressItTests */ = {
			isa = PBXGroup;
			children = (
				A10CC65A1E9963BA001A28EC /* Don_tStressItTests.swift */,
				A10CC65C1E9963BA001A28EC /* Info.plist */,
			);
			path = "Don'tStressItTests";
			sourceTree = "<group>";
		};
		A10CC6641E9963BA001A28EC /* Don'tStressItUITests */ = {
			isa = PBXGroup;
			children = (
				A10CC6651E9963BA001A28EC /* Don_tStressItUITests.swift */,
				A10CC6671E9963BA001A28EC /* Info.plist */,
			);
			path = "Don'tStressItUITests";
			sourceTree = "<group>";
		};
		C2F8323CE46037415B5BE380 /* Frameworks */ = {
			isa = PBXGroup;
			children = (
				29FDC48A1A9565E4D689582C /* Pods_Don_tStressIt.framework */,
				BA83680C34243BE93984498B /* Pods_Don_tStressItTests.framework */,
				BFCD8080F5582970B95B84B4 /* Pods_Don_tStressItUITests.framework */,
			);
			name = Frameworks;
			sourceTree = "<group>";
		};
		EC931D57B48AEF9D585EA5DB /* Pods */ = {
			isa = PBXGroup;
			children = (
				EF2CDC04576756CA306D91AA /* Pods-Don'tStressIt.debug.xcconfig */,
				FB144D21252C5EF5C21CF6B9 /* Pods-Don'tStressIt.release.xcconfig */,
				E0E875E6756549C88916C6A0 /* Pods-Don'tStressItTests.debug.xcconfig */,
				887E9492E97ED24EFAD20648 /* Pods-Don'tStressItTests.release.xcconfig */,
				87A8AADCDA3D18432BCBAA93 /* Pods-Don'tStressItUITests.debug.xcconfig */,
				FA2BDBD5BA0DAD2A1E4111E4 /* Pods-Don'tStressItUITests.release.xcconfig */,
			);
			name = Pods;
			sourceTree = "<group>";
		};
/* End PBXGroup section */

/* Begin PBXNativeTarget section */
		A10CC6411E9963B9001A28EC /* Don'tStressIt */ = {
			isa = PBXNativeTarget;
			buildConfigurationList = A10CC66A1E9963BA001A28EC /* Build configuration list for PBXNativeTarget "Don'tStressIt" */;
			buildPhases = (
				850E0FC91FD04F5AE6A049FD /* [CP] Check Pods Manifest.lock */,
				A10CC63E1E9963B9001A28EC /* Sources */,
				A10CC63F1E9963B9001A28EC /* Frameworks */,
				A10CC6401E9963B9001A28EC /* Resources */,
				A63E23D3A633BD6431EB6908 /* [CP] Embed Pods Frameworks */,
				D6080EC2D23DA34C1928AB82 /* [CP] Copy Pods Resources */,
			);
			buildRules = (
			);
			dependencies = (
			);
			name = "Don'tStressIt";
			productName = "Don'tStressIt";
			productReference = A10CC6421E9963B9001A28EC /* Don'tStressIt.app */;
			productType = "com.apple.product-type.application";
		};
		A10CC6551E9963BA001A28EC /* Don'tStressItTests */ = {
			isa = PBXNativeTarget;
			buildConfigurationList = A10CC66D1E9963BA001A28EC /* Build configuration list for PBXNativeTarget "Don'tStressItTests" */;
			buildPhases = (
				EA95F67D1E71BF3063BDD440 /* [CP] Check Pods Manifest.lock */,
				A10CC6521E9963BA001A28EC /* Sources */,
				A10CC6531E9963BA001A28EC /* Frameworks */,
				A10CC6541E9963BA001A28EC /* Resources */,
				F8D40FC40D97E6F32345218C /* [CP] Embed Pods Frameworks */,
				3A74715EBB601A40E4E412E1 /* [CP] Copy Pods Resources */,
			);
			buildRules = (
			);
			dependencies = (
				A10CC6581E9963BA001A28EC /* PBXTargetDependency */,
			);
			name = "Don'tStressItTests";
			productName = "Don'tStressItTests";
			productReference = A10CC6561E9963BA001A28EC /* Don'tStressItTests.xctest */;
			productType = "com.apple.product-type.bundle.unit-test";
		};
		A10CC6601E9963BA001A28EC /* Don'tStressItUITests */ = {
			isa = PBXNativeTarget;
			buildConfigurationList = A10CC6701E9963BA001A28EC /* Build configuration list for PBXNativeTarget "Don'tStressItUITests" */;
			buildPhases = (
				37065E7583E3356E0262BE8F /* [CP] Check Pods Manifest.lock */,
				A10CC65D1E9963BA001A28EC /* Sources */,
				A10CC65E1E9963BA001A28EC /* Frameworks */,
				A10CC65F1E9963BA001A28EC /* Resources */,
				63545D3AF64F6F6A4ED7FC3C /* [CP] Embed Pods Frameworks */,
				6B72656394840F086AE00781 /* [CP] Copy Pods Resources */,
			);
			buildRules = (
			);
			dependencies = (
				A10CC6631E9963BA001A28EC /* PBXTargetDependency */,
			);
			name = "Don'tStressItUITests";
			productName = "Don'tStressItUITests";
			productReference = A10CC6611E9963BA001A28EC /* Don'tStressItUITests.xctest */;
			productType = "com.apple.product-type.bundle.ui-testing";
		};
/* End PBXNativeTarget section */

/* Begin PBXProject section */
		A10CC63A1E9963B9001A28EC /* Project object */ = {
			isa = PBXProject;
			attributes = {
				LastSwiftUpdateCheck = 0830;
				LastUpgradeCheck = 0830;
				ORGANIZATIONNAME = "Andy Wong";
				TargetAttributes = {
					A10CC6411E9963B9001A28EC = {
						CreatedOnToolsVersion = 8.3;
						DevelopmentTeam = EURL27CLKV;
						ProvisioningStyle = Automatic;
					};
					A10CC6551E9963BA001A28EC = {
						CreatedOnToolsVersion = 8.3;
						DevelopmentTeam = EURL27CLKV;
						ProvisioningStyle = Automatic;
						TestTargetID = A10CC6411E9963B9001A28EC;
					};
					A10CC6601E9963BA001A28EC = {
						CreatedOnToolsVersion = 8.3;
						DevelopmentTeam = EURL27CLKV;
						ProvisioningStyle = Automatic;
						TestTargetID = A10CC6411E9963B9001A28EC;
					};
				};
			};
			buildConfigurationList = A10CC63D1E9963B9001A28EC /* Build configuration list for PBXProject "Don'tStressIt" */;
			compatibilityVersion = "Xcode 3.2";
			developmentRegion = English;
			hasScannedForEncodings = 0;
			knownRegions = (
				en,
				Base,
			);
			mainGroup = A10CC6391E9963B9001A28EC;
			productRefGroup = A10CC6431E9963B9001A28EC /* Products */;
			projectDirPath = "";
			projectRoot = "";
			targets = (
				A10CC6411E9963B9001A28EC /* Don'tStressIt */,
				A10CC6551E9963BA001A28EC /* Don'tStressItTests */,
				A10CC6601E9963BA001A28EC /* Don'tStressItUITests */,
			);
		};
/* End PBXProject section */

/* Begin PBXResourcesBuildPhase section */
		A10CC6401E9963B9001A28EC /* Resources */ = {
			isa = PBXResourcesBuildPhase;
			buildActionMask = 2147483647;
			files = (
				A10CC6501E9963B9001A28EC /* LaunchScreen.storyboard in Resources */,
				A10CC64D1E9963B9001A28EC /* Assets.xcassets in Resources */,
				A10CC64B1E9963B9001A28EC /* Main.storyboard in Resources */,
			);
			runOnlyForDeploymentPostprocessing = 0;
		};
		A10CC6541E9963BA001A28EC /* Resources */ = {
			isa = PBXResourcesBuildPhase;
			buildActionMask = 2147483647;
			files = (
			);
			runOnlyForDeploymentPostprocessing = 0;
		};
		A10CC65F1E9963BA001A28EC /* Resources */ = {
			isa = PBXResourcesBuildPhase;
			buildActionMask = 2147483647;
			files = (
			);
			runOnlyForDeploymentPostprocessing = 0;
		};
/* End PBXResourcesBuildPhase section */

/* Begin PBXShellScriptBuildPhase section */
		37065E7583E3356E0262BE8F /* [CP] Check Pods Manifest.lock */ = {
			isa = PBXShellScriptBuildPhase;
			buildActionMask = 2147483647;
			files = (
			);
			inputPaths = (
			);
			name = "[CP] Check Pods Manifest.lock";
			outputPaths = (
			);
			runOnlyForDeploymentPostprocessing = 0;
			shellPath = /bin/sh;
			shellScript = "diff \"${PODS_ROOT}/../Podfile.lock\" \"${PODS_ROOT}/Manifest.lock\" > /dev/null\nif [ $? != 0 ] ; then\n    # print error to STDERR\n    echo \"error: The sandbox is not in sync with the Podfile.lock. Run 'pod install' or update your CocoaPods installation.\" >&2\n    exit 1\nfi\n";
			showEnvVarsInLog = 0;
		};
		3A74715EBB601A40E4E412E1 /* [CP] Copy Pods Resources */ = {
			isa = PBXShellScriptBuildPhase;
			buildActionMask = 2147483647;
			files = (
			);
			inputPaths = (
			);
			name = "[CP] Copy Pods Resources";
			outputPaths = (
			);
			runOnlyForDeploymentPostprocessing = 0;
			shellPath = /bin/sh;
			shellScript = "\"${SRCROOT}/Pods/Target Support Files/Pods-Don'tStressItTests/Pods-Don'tStressItTests-resources.sh\"\n";
			showEnvVarsInLog = 0;
		};
		63545D3AF64F6F6A4ED7FC3C /* [CP] Embed Pods Frameworks */ = {
			isa = PBXShellScriptBuildPhase;
			buildActionMask = 2147483647;
			files = (
			);
			inputPaths = (
			);
			name = "[CP] Embed Pods Frameworks";
			outputPaths = (
			);
			runOnlyForDeploymentPostprocessing = 0;
			shellPath = /bin/sh;
			shellScript = "\"${SRCROOT}/Pods/Target Support Files/Pods-Don'tStressItUITests/Pods-Don'tStressItUITests-frameworks.sh\"\n";
			showEnvVarsInLog = 0;
		};
		6B72656394840F086AE00781 /* [CP] Copy Pods Resources */ = {
			isa = PBXShellScriptBuildPhase;
			buildActionMask = 2147483647;
			files = (
			);
			inputPaths = (
			);
			name = "[CP] Copy Pods Resources";
			outputPaths = (
			);
			runOnlyForDeploymentPostprocessing = 0;
			shellPath = /bin/sh;
			shellScript = "\"${SRCROOT}/Pods/Target Support Files/Pods-Don'tStressItUITests/Pods-Don'tStressItUITests-resources.sh\"\n";
			showEnvVarsInLog = 0;
		};
		850E0FC91FD04F5AE6A049FD /* [CP] Check Pods Manifest.lock */ = {
			isa = PBXShellScriptBuildPhase;
			buildActionMask = 2147483647;
			files = (
			);
			inputPaths = (
			);
			name = "[CP] Check Pods Manifest.lock";
			outputPaths = (
			);
			runOnlyForDeploymentPostprocessing = 0;
			shellPath = /bin/sh;
			shellScript = "diff \"${PODS_ROOT}/../Podfile.lock\" \"${PODS_ROOT}/Manifest.lock\" > /dev/null\nif [ $? != 0 ] ; then\n    # print error to STDERR\n    echo \"error: The sandbox is not in sync with the Podfile.lock. Run 'pod install' or update your CocoaPods installation.\" >&2\n    exit 1\nfi\n";
			showEnvVarsInLog = 0;
		};
		A63E23D3A633BD6431EB6908 /* [CP] Embed Pods Frameworks */ = {
			isa = PBXShellScriptBuildPhase;
			buildActionMask = 2147483647;
			files = (
			);
			inputPaths = (
			);
			name = "[CP] Embed Pods Frameworks";
			outputPaths = (
			);
			runOnlyForDeploymentPostprocessing = 0;
			shellPath = /bin/sh;
			shellScript = "\"${SRCROOT}/Pods/Target Support Files/Pods-Don'tStressIt/Pods-Don'tStressIt-frameworks.sh\"\n";
			showEnvVarsInLog = 0;
		};
		D6080EC2D23DA34C1928AB82 /* [CP] Copy Pods Resources */ = {
			isa = PBXShellScriptBuildPhase;
			buildActionMask = 2147483647;
			files = (
			);
			inputPaths = (
			);
			name = "[CP] Copy Pods Resources";
			outputPaths = (
			);
			runOnlyForDeploymentPostprocessing = 0;
			shellPath = /bin/sh;
			shellScript = "\"${SRCROOT}/Pods/Target Support Files/Pods-Don'tStressIt/Pods-Don'tStressIt-resources.sh\"\n";
			showEnvVarsInLog = 0;
		};
		EA95F67D1E71BF3063BDD440 /* [CP] Check Pods Manifest.lock */ = {
			isa = PBXShellScriptBuildPhase;
			buildActionMask = 2147483647;
			files = (
			);
			inputPaths = (
			);
			name = "[CP] Check Pods Manifest.lock";
			outputPaths = (
			);
			runOnlyForDeploymentPostprocessing = 0;
			shellPath = /bin/sh;
			shellScript = "diff \"${PODS_ROOT}/../Podfile.lock\" \"${PODS_ROOT}/Manifest.lock\" > /dev/null\nif [ $? != 0 ] ; then\n    # print error to STDERR\n    echo \"error: The sandbox is not in sync with the Podfile.lock. Run 'pod install' or update your CocoaPods installation.\" >&2\n    exit 1\nfi\n";
			showEnvVarsInLog = 0;
		};
		F8D40FC40D97E6F32345218C /* [CP] Embed Pods Frameworks */ = {
			isa = PBXShellScriptBuildPhase;
			buildActionMask = 2147483647;
			files = (
			);
			inputPaths = (
			);
			name = "[CP] Embed Pods Frameworks";
			outputPaths = (
			);
			runOnlyForDeploymentPostprocessing = 0;
			shellPath = /bin/sh;
			shellScript = "\"${SRCROOT}/Pods/Target Support Files/Pods-Don'tStressItTests/Pods-Don'tStressItTests-frameworks.sh\"\n";
			showEnvVarsInLog = 0;
		};
/* End PBXShellScriptBuildPhase section */

/* Begin PBXSourcesBuildPhase section */
		A10CC63E1E9963B9001A28EC /* Sources */ = {
			isa = PBXSourcesBuildPhase;
			buildActionMask = 2147483647;
			files = (
				A16AA7041E998F6E00977B9E /* TutorUserViewController.swift in Sources */,
				A16AA7021E998F2300977B9E /* StudentUserViewController.swift in Sources */,
				A10CC6481E9963B9001A28EC /* ViewController.swift in Sources */,
				A10CC6461E9963B9001A28EC /* AppDelegate.swift in Sources */,
			);
			runOnlyForDeploymentPostprocessing = 0;
		};
		A10CC6521E9963BA001A28EC /* Sources */ = {
			isa = PBXSourcesBuildPhase;
			buildActionMask = 2147483647;
			files = (
				A10CC65B1E9963BA001A28EC /* Don_tStressItTests.swift in Sources */,
			);
			runOnlyForDeploymentPostprocessing = 0;
		};
		A10CC65D1E9963BA001A28EC /* Sources */ = {
			isa = PBXSourcesBuildPhase;
			buildActionMask = 2147483647;
			files = (
				A10CC6661E9963BA001A28EC /* Don_tStressItUITests.swift in Sources */,
			);
			runOnlyForDeploymentPostprocessing = 0;
		};
/* End PBXSourcesBuildPhase section */

/* Begin PBXTargetDependency section */
		A10CC6581E9963BA001A28EC /* PBXTargetDependency */ = {
			isa = PBXTargetDependency;
			target = A10CC6411E9963B9001A28EC /* Don'tStressIt */;
			targetProxy = A10CC6571E9963BA001A28EC /* PBXContainerItemProxy */;
		};
		A10CC6631E9963BA001A28EC /* PBXTargetDependency */ = {
			isa = PBXTargetDependency;
			target = A10CC6411E9963B9001A28EC /* Don'tStressIt */;
			targetProxy = A10CC6621E9963BA001A28EC /* PBXContainerItemProxy */;
		};
/* End PBXTargetDependency section */

/* Begin PBXVariantGroup section */
		A10CC6491E9963B9001A28EC /* Main.storyboard */ = {
			isa = PBXVariantGroup;
			children = (
				A10CC64A1E9963B9001A28EC /* Base */,
			);
			name = Main.storyboard;
			sourceTree = "<group>";
		};
		A10CC64E1E9963B9001A28EC /* LaunchScreen.storyboard */ = {
			isa = PBXVariantGroup;
			children = (
				A10CC64F1E9963B9001A28EC /* Base */,
			);
			name = LaunchScreen.storyboard;
			sourceTree = "<group>";
		};
/* End PBXVariantGroup section */

/* Begin XCBuildConfiguration section */
		A10CC6681E9963BA001A28EC /* Debug */ = {
			isa = XCBuildConfiguration;
			buildSettings = {
				ALWAYS_SEARCH_USER_PATHS = NO;
				CLANG_ANALYZER_NONNULL = YES;
				CLANG_ANALYZER_NUMBER_OBJECT_CONVERSION = YES_AGGRESSIVE;
				CLANG_CXX_LANGUAGE_STANDARD = "gnu++0x";
				CLANG_CXX_LIBRARY = "libc++";
				CLANG_ENABLE_MODULES = YES;
				CLANG_ENABLE_OBJC_ARC = YES;
				CLANG_WARN_BOOL_CONVERSION = YES;
				CLANG_WARN_CONSTANT_CONVERSION = YES;
				CLANG_WARN_DIRECT_OBJC_ISA_USAGE = YES_ERROR;
				CLANG_WARN_DOCUMENTATION_COMMENTS = YES;
				CLANG_WARN_EMPTY_BODY = YES;
				CLANG_WARN_ENUM_CONVERSION = YES;
				CLANG_WARN_INFINITE_RECURSION = YES;
				CLANG_WARN_INT_CONVERSION = YES;
				CLANG_WARN_OBJC_ROOT_CLASS = YES_ERROR;
				CLANG_WARN_SUSPICIOUS_MOVE = YES;
				CLANG_WARN_UNREACHABLE_CODE = YES;
				CLANG_WARN__DUPLICATE_METHOD_MATCH = YES;
				"CODE_SIGN_IDENTITY[sdk=iphoneos*]" = "iPhone Developer";
				COPY_PHASE_STRIP = NO;
				DEBUG_INFORMATION_FORMAT = dwarf;
				ENABLE_STRICT_OBJC_MSGSEND = YES;
				ENABLE_TESTABILITY = YES;
				GCC_C_LANGUAGE_STANDARD = gnu99;
				GCC_DYNAMIC_NO_PIC = NO;
				GCC_NO_COMMON_BLOCKS = YES;
				GCC_OPTIMIZATION_LEVEL = 0;
				GCC_PREPROCESSOR_DEFINITIONS = (
					"DEBUG=1",
					"$(inherited)",
				);
				GCC_WARN_64_TO_32_BIT_CONVERSION = YES;
				GCC_WARN_ABOUT_RETURN_TYPE = YES_ERROR;
				GCC_WARN_UNDECLARED_SELECTOR = YES;
				GCC_WARN_UNINITIALIZED_AUTOS = YES_AGGRESSIVE;
				GCC_WARN_UNUSED_FUNCTION = YES;
				GCC_WARN_UNUSED_VARIABLE = YES;
				IPHONEOS_DEPLOYMENT_TARGET = 10.3;
				MTL_ENABLE_DEBUG_INFO = YES;
				ONLY_ACTIVE_ARCH = YES;
				SDKROOT = iphoneos;
				SWIFT_ACTIVE_COMPILATION_CONDITIONS = DEBUG;
				SWIFT_OPTIMIZATION_LEVEL = "-Onone";
				TARGETED_DEVICE_FAMILY = "1,2";
			};
			name = Debug;
		};
		A10CC6691E9963BA001A28EC /* Release */ = {
			isa = XCBuildConfiguration;
			buildSettings = {
				ALWAYS_SEARCH_USER_PATHS = NO;
				CLANG_ANALYZER_NONNULL = YES;
				CLANG_ANALYZER_NUMBER_OBJECT_CONVERSION = YES_AGGRESSIVE;
				CLANG_CXX_LANGUAGE_STANDARD = "gnu++0x";
				CLANG_CXX_LIBRARY = "libc++";
				CLANG_ENABLE_MODULES = YES;
				CLANG_ENABLE_OBJC_ARC = YES;
				CLANG_WARN_BOOL_CONVERSION = YES;
				CLANG_WARN_CONSTANT_CONVERSION = YES;
				CLANG_WARN_DIRECT_OBJC_ISA_USAGE = YES_ERROR;
				CLANG_WARN_DOCUMENTATION_COMMENTS = YES;
				CLANG_WARN_EMPTY_BODY = YES;
				CLANG_WARN_ENUM_CONVERSION = YES;
				CLANG_WARN_INFINITE_RECURSION = YES;
				CLANG_WARN_INT_CONVERSION = YES;
				CLANG_WARN_OBJC_ROOT_CLASS = YES_ERROR;
				CLANG_WARN_SUSPICIOUS_MOVE = YES;
				CLANG_WARN_UNREACHABLE_CODE = YES;
				CLANG_WARN__DUPLICATE_METHOD_MATCH = YES;
				"CODE_SIGN_IDENTITY[sdk=iphoneos*]" = "iPhone Developer";
				COPY_PHASE_STRIP = NO;
				DEBUG_INFORMATION_FORMAT = "dwarf-with-dsym";
				ENABLE_NS_ASSERTIONS = NO;
				ENABLE_STRICT_OBJC_MSGSEND = YES;
				GCC_C_LANGUAGE_STANDARD = gnu99;
				GCC_NO_COMMON_BLOCKS = YES;
				GCC_WARN_64_TO_32_BIT_CONVERSION = YES;
				GCC_WARN_ABOUT_RETURN_TYPE = YES_ERROR;
				GCC_WARN_UNDECLARED_SELECTOR = YES;
				GCC_WARN_UNINITIALIZED_AUTOS = YES_AGGRESSIVE;
				GCC_WARN_UNUSED_FUNCTION = YES;
				GCC_WARN_UNUSED_VARIABLE = YES;
				IPHONEOS_DEPLOYMENT_TARGET = 10.3;
				MTL_ENABLE_DEBUG_INFO = NO;
				SDKROOT = iphoneos;
				SWIFT_OPTIMIZATION_LEVEL = "-Owholemodule";
				TARGETED_DEVICE_FAMILY = "1,2";
				VALIDATE_PRODUCT = YES;
			};
			name = Release;
		};
		A10CC66B1E9963BA001A28EC /* Debug */ = {
			isa = XCBuildConfiguration;
			baseConfigurationReference = EF2CDC04576756CA306D91AA /* Pods-Don'tStressIt.debug.xcconfig */;
			buildSettings = {
				ASSETCATALOG_COMPILER_APPICON_NAME = AppIcon;
				DEVELOPMENT_TEAM = EURL27CLKV;
				INFOPLIST_FILE = "Don'tStressIt/Info.plist";
				LD_RUNPATH_SEARCH_PATHS = "$(inherited) @executable_path/Frameworks";
				PRODUCT_BUNDLE_IDENTIFIER = "com.andywong.Don-tStressIt";
				PRODUCT_NAME = "$(TARGET_NAME)";
				SWIFT_VERSION = 3.0;
			};
			name = Debug;
		};
		A10CC66C1E9963BA001A28EC /* Release */ = {
			isa = XCBuildConfiguration;
			baseConfigurationReference = FB144D21252C5EF5C21CF6B9 /* Pods-Don'tStressIt.release.xcconfig */;
			buildSettings = {
				ASSETCATALOG_COMPILER_APPICON_NAME = AppIcon;
				DEVELOPMENT_TEAM = EURL27CLKV;
				INFOPLIST_FILE = "Don'tStressIt/Info.plist";
				LD_RUNPATH_SEARCH_PATHS = "$(inherited) @executable_path/Frameworks";
				PRODUCT_BUNDLE_IDENTIFIER = "com.andywong.Don-tStressIt";
				PRODUCT_NAME = "$(TARGET_NAME)";
				SWIFT_VERSION = 3.0;
			};
			name = Release;
		};
		A10CC66E1E9963BA001A28EC /* Debug */ = {
			isa = XCBuildConfiguration;
			baseConfigurationReference = E0E875E6756549C88916C6A0 /* Pods-Don'tStressItTests.debug.xcconfig */;
			buildSettings = {
				ALWAYS_EMBED_SWIFT_STANDARD_LIBRARIES = YES;
				BUNDLE_LOADER = "$(TEST_HOST)";
				DEVELOPMENT_TEAM = EURL27CLKV;
				INFOPLIST_FILE = "Don'tStressItTests/Info.plist";
				LD_RUNPATH_SEARCH_PATHS = "$(inherited) @executable_path/Frameworks @loader_path/Frameworks";
				PRODUCT_BUNDLE_IDENTIFIER = "com.andywong.Don-tStressItTests";
				PRODUCT_NAME = "$(TARGET_NAME)";
				SWIFT_VERSION = 3.0;
				TEST_HOST = "$(BUILT_PRODUCTS_DIR)/Don'tStressIt.app/Don'tStressIt";
			};
			name = Debug;
		};
		A10CC66F1E9963BA001A28EC /* Release */ = {
			isa = XCBuildConfiguration;
			baseConfigurationReference = 887E9492E97ED24EFAD20648 /* Pods-Don'tStressItTests.release.xcconfig */;
			buildSettings = {
				ALWAYS_EMBED_SWIFT_STANDARD_LIBRARIES = YES;
				BUNDLE_LOADER = "$(TEST_HOST)";
				DEVELOPMENT_TEAM = EURL27CLKV;
				INFOPLIST_FILE = "Don'tStressItTests/Info.plist";
				LD_RUNPATH_SEARCH_PATHS = "$(inherited) @executable_path/Frameworks @loader_path/Frameworks";
				PRODUCT_BUNDLE_IDENTIFIER = "com.andywong.Don-tStressItTests";
				PRODUCT_NAME = "$(TARGET_NAME)";
				SWIFT_VERSION = 3.0;
				TEST_HOST = "$(BUILT_PRODUCTS_DIR)/Don'tStressIt.app/Don'tStressIt";
			};
			name = Release;
		};
		A10CC6711E9963BA001A28EC /* Debug */ = {
			isa = XCBuildConfiguration;
			baseConfigurationReference = 87A8AADCDA3D18432BCBAA93 /* Pods-Don'tStressItUITests.debug.xcconfig */;
			buildSettings = {
				ALWAYS_EMBED_SWIFT_STANDARD_LIBRARIES = YES;
				DEVELOPMENT_TEAM = EURL27CLKV;
				INFOPLIST_FILE = "Don'tStressItUITests/Info.plist";
				LD_RUNPATH_SEARCH_PATHS = "$(inherited) @executable_path/Frameworks @loader_path/Frameworks";
				PRODUCT_BUNDLE_IDENTIFIER = "com.andywong.Don-tStressItUITests";
				PRODUCT_NAME = "$(TARGET_NAME)";
				SWIFT_VERSION = 3.0;
				TEST_TARGET_NAME = "Don'tStressIt";
			};
			name = Debug;
		};
		A10CC6721E9963BA001A28EC /* Release */ = {
			isa = XCBuildConfiguration;
			baseConfigurationReference = FA2BDBD5BA0DAD2A1E4111E4 /* Pods-Don'tStressItUITests.release.xcconfig */;
			buildSettings = {
				ALWAYS_EMBED_SWIFT_STANDARD_LIBRARIES = YES;
				DEVELOPMENT_TEAM = EURL27CLKV;
				INFOPLIST_FILE = "Don'tStressItUITests/Info.plist";
				LD_RUNPATH_SEARCH_PATHS = "$(inherited) @executable_path/Frameworks @loader_path/Frameworks";
				PRODUCT_BUNDLE_IDENTIFIER = "com.andywong.Don-tStressItUITests";
				PRODUCT_NAME = "$(TARGET_NAME)";
				SWIFT_VERSION = 3.0;
				TEST_TARGET_NAME = "Don'tStressIt";
			};
			name = Release;
		};
/* End XCBuildConfiguration section */

/* Begin XCConfigurationList section */
		A10CC63D1E9963B9001A28EC /* Build configuration list for PBXProject "Don'tStressIt" */ = {
			isa = XCConfigurationList;
			buildConfigurations = (
				A10CC6681E9963BA001A28EC /* Debug */,
				A10CC6691E9963BA001A28EC /* Release */,
			);
			defaultConfigurationIsVisible = 0;
			defaultConfigurationName = Release;
		};
		A10CC66A1E9963BA001A28EC /* Build configuration list for PBXNativeTarget "Don'tStressIt" */ = {
			isa = XCConfigurationList;
			buildConfigurations = (
				A10CC66B1E9963BA001A28EC /* Debug */,
				A10CC66C1E9963BA001A28EC /* Release */,
			);
			defaultConfigurationIsVisible = 0;
			defaultConfigurationName = Release;
		};
		A10CC66D1E9963BA001A28EC /* Build configuration list for PBXNativeTarget "Don'tStressItTests" */ = {
			isa = XCConfigurationList;
			buildConfigurations = (
				A10CC66E1E9963BA001A28EC /* Debug */,
				A10CC66F1E9963BA001A28EC /* Release */,
			);
			defaultConfigurationIsVisible = 0;
			defaultConfigurationName = Release;
		};
		A10CC6701E9963BA001A28EC /* Build configuration list for PBXNativeTarget "Don'tStressItUITests" */ = {
			isa = XCConfigurationList;
			buildConfigurations = (
				A10CC6711E9963BA001A28EC /* Debug */,
				A10CC6721E9963BA001A28EC /* Release */,
			);
			defaultConfigurationIsVisible = 0;
			defaultConfigurationName = Release;
		};
/* End XCConfigurationList section */
	};
	rootObject = A10CC63A1E9963B9001A28EC /* Project object */;
}
