// !$*UTF8*$!
{
	archiveVersion = 1;
	classes = {
	};
	objectVersion = 46;
	objects = {

/* Begin PBXBuildFile section */
		8A5EE194E0A721428E528D9C /* Pods_DoNotStressItUITests.framework in Frameworks */ = {isa = PBXBuildFile; fileRef = E30968A888BCC034319488D2 /* Pods_DoNotStressItUITests.framework */; };
		93158EB3CDBB66D3C6CA3623 /* Pods_DoNotStressIt.framework in Frameworks */ = {isa = PBXBuildFile; fileRef = B352AA2EBA56A9F02505C84E /* Pods_DoNotStressIt.framework */; };
		A1004AC01E9A0739007B7F44 /* GoogleService-Info.plist in Resources */ = {isa = PBXBuildFile; fileRef = A1004ABF1E9A0739007B7F44 /* GoogleService-Info.plist */; };
		A1004AC11E9A0739007B7F44 /* GoogleService-Info.plist in Resources */ = {isa = PBXBuildFile; fileRef = A1004ABF1E9A0739007B7F44 /* GoogleService-Info.plist */; };
		A1004AC21E9A0739007B7F44 /* GoogleService-Info.plist in Resources */ = {isa = PBXBuildFile; fileRef = A1004ABF1E9A0739007B7F44 /* GoogleService-Info.plist */; };
		A142AC611E9A542D0063B221 /* ChatUIView.swift in Sources */ = {isa = PBXBuildFile; fileRef = A142AC601E9A542D0063B221 /* ChatUIView.swift */; };
		A142AC621E9A542D0063B221 /* ChatUIView.swift in Sources */ = {isa = PBXBuildFile; fileRef = A142AC601E9A542D0063B221 /* ChatUIView.swift */; };
		A142AC631E9A542D0063B221 /* ChatUIView.swift in Sources */ = {isa = PBXBuildFile; fileRef = A142AC601E9A542D0063B221 /* ChatUIView.swift */; };
		A1DC039D1E99F6E8006B996B /* AppDelegate.swift in Sources */ = {isa = PBXBuildFile; fileRef = A1DC039C1E99F6E8006B996B /* AppDelegate.swift */; };
		A1DC039F1E99F6E8006B996B /* ViewController.swift in Sources */ = {isa = PBXBuildFile; fileRef = A1DC039E1E99F6E8006B996B /* ViewController.swift */; };
		A1DC03A21E99F6E8006B996B /* Main.storyboard in Resources */ = {isa = PBXBuildFile; fileRef = A1DC03A01E99F6E8006B996B /* Main.storyboard */; };
		A1DC03A41E99F6E8006B996B /* Assets.xcassets in Resources */ = {isa = PBXBuildFile; fileRef = A1DC03A31E99F6E8006B996B /* Assets.xcassets */; };
		A1DC03A71E99F6E8006B996B /* LaunchScreen.storyboard in Resources */ = {isa = PBXBuildFile; fileRef = A1DC03A51E99F6E8006B996B /* LaunchScreen.storyboard */; };
		A1DC03B21E99F6E8006B996B /* DoNotStressItTests.swift in Sources */ = {isa = PBXBuildFile; fileRef = A1DC03B11E99F6E8006B996B /* DoNotStressItTests.swift */; };
		A1DC03BD1E99F6E8006B996B /* DoNotStressItUITests.swift in Sources */ = {isa = PBXBuildFile; fileRef = A1DC03BC1E99F6E8006B996B /* DoNotStressItUITests.swift */; };
		A1DC03CB1E99FBB0006B996B /* StudentSignupViewController.swift in Sources */ = {isa = PBXBuildFile; fileRef = A1DC03CA1E99FBB0006B996B /* StudentSignupViewController.swift */; };
		A1DC03CD1E99FBB9006B996B /* TutorSignupViewController.swift in Sources */ = {isa = PBXBuildFile; fileRef = A1DC03CC1E99FBB9006B996B /* TutorSignupViewController.swift */; };
		A1DC03CF1E99FBC1006B996B /* LoginViewController.swift in Sources */ = {isa = PBXBuildFile; fileRef = A1DC03CE1E99FBC1006B996B /* LoginViewController.swift */; };
		C121459A83A3307952BD2FC5 /* Pods_DoNotStressItTests.framework in Frameworks */ = {isa = PBXBuildFile; fileRef = 2A8FE0605FB6F1FBC688BAD5 /* Pods_DoNotStressItTests.framework */; };
/* End PBXBuildFile section */

/* Begin PBXContainerItemProxy section */
		A1DC03AE1E99F6E8006B996B /* PBXContainerItemProxy */ = {
			isa = PBXContainerItemProxy;
			containerPortal = A1DC03911E99F6E8006B996B /* Project object */;
			proxyType = 1;
			remoteGlobalIDString = A1DC03981E99F6E8006B996B;
			remoteInfo = DoNotStressIt;
		};
		A1DC03B91E99F6E8006B996B /* PBXContainerItemProxy */ = {
			isa = PBXContainerItemProxy;
			containerPortal = A1DC03911E99F6E8006B996B /* Project object */;
			proxyType = 1;
			remoteGlobalIDString = A1DC03981E99F6E8006B996B;
			remoteInfo = DoNotStressIt;
		};
/* End PBXContainerItemProxy section */

/* Begin PBXFileReference section */
		2A8FE0605FB6F1FBC688BAD5 /* Pods_DoNotStressItTests.framework */ = {isa = PBXFileReference; explicitFileType = wrapper.framework; includeInIndex = 0; path = Pods_DoNotStressItTests.framework; sourceTree = BUILT_PRODUCTS_DIR; };
		3558B11FBD8251E0E77DB220 /* Pods-DoNotStressItUITests.debug.xcconfig */ = {isa = PBXFileReference; includeInIndex = 1; lastKnownFileType = text.xcconfig; name = "Pods-DoNotStressItUITests.debug.xcconfig"; path = "Pods/Target Support Files/Pods-DoNotStressItUITests/Pods-DoNotStressItUITests.debug.xcconfig"; sourceTree = "<group>"; };
		3E9D2B0B485ED447F1B3E8B1 /* Pods-DoNotStressItUITests.release.xcconfig */ = {isa = PBXFileReference; includeInIndex = 1; lastKnownFileType = text.xcconfig; name = "Pods-DoNotStressItUITests.release.xcconfig"; path = "Pods/Target Support Files/Pods-DoNotStressItUITests/Pods-DoNotStressItUITests.release.xcconfig"; sourceTree = "<group>"; };
		76A0E6DA830250F69EE7F27D /* Pods-DoNotStressItTests.release.xcconfig */ = {isa = PBXFileReference; includeInIndex = 1; lastKnownFileType = text.xcconfig; name = "Pods-DoNotStressItTests.release.xcconfig"; path = "Pods/Target Support Files/Pods-DoNotStressItTests/Pods-DoNotStressItTests.release.xcconfig"; sourceTree = "<group>"; };
		8F7A00ABE7F26B3315B84E15 /* Pods-DoNotStressIt.debug.xcconfig */ = {isa = PBXFileReference; includeInIndex = 1; lastKnownFileType = text.xcconfig; name = "Pods-DoNotStressIt.debug.xcconfig"; path = "Pods/Target Support Files/Pods-DoNotStressIt/Pods-DoNotStressIt.debug.xcconfig"; sourceTree = "<group>"; };
		A1004ABF1E9A0739007B7F44 /* GoogleService-Info.plist */ = {isa = PBXFileReference; fileEncoding = 4; lastKnownFileType = text.plist.xml; path = "GoogleService-Info.plist"; sourceTree = "<group>"; };
		A142AC601E9A542D0063B221 /* ChatUIView.swift */ = {isa = PBXFileReference; fileEncoding = 4; lastKnownFileType = sourcecode.swift; path = ChatUIView.swift; sourceTree = "<group>"; };
		A1DC03991E99F6E8006B996B /* DoNotStressIt.app */ = {isa = PBXFileReference; explicitFileType = wrapper.application; includeInIndex = 0; path = DoNotStressIt.app; sourceTree = BUILT_PRODUCTS_DIR; };
		A1DC039C1E99F6E8006B996B /* AppDelegate.swift */ = {isa = PBXFileReference; lastKnownFileType = sourcecode.swift; path = AppDelegate.swift; sourceTree = "<group>"; };
		A1DC039E1E99F6E8006B996B /* ViewController.swift */ = {isa = PBXFileReference; lastKnownFileType = sourcecode.swift; path = ViewController.swift; sourceTree = "<group>"; };
		A1DC03A11E99F6E8006B996B /* Base */ = {isa = PBXFileReference; lastKnownFileType = file.storyboard; name = Base; path = Base.lproj/Main.storyboard; sourceTree = "<group>"; };
		A1DC03A31E99F6E8006B996B /* Assets.xcassets */ = {isa = PBXFileReference; lastKnownFileType = folder.assetcatalog; path = Assets.xcassets; sourceTree = "<group>"; };
		A1DC03A61E99F6E8006B996B /* Base */ = {isa = PBXFileReference; lastKnownFileType = file.storyboard; name = Base; path = Base.lproj/LaunchScreen.storyboard; sourceTree = "<group>"; };
		A1DC03A81E99F6E8006B996B /* Info.plist */ = {isa = PBXFileReference; lastKnownFileType = text.plist.xml; path = Info.plist; sourceTree = "<group>"; };
		A1DC03AD1E99F6E8006B996B /* DoNotStressItTests.xctest */ = {isa = PBXFileReference; explicitFileType = wrapper.cfbundle; includeInIndex = 0; path = DoNotStressItTests.xctest; sourceTree = BUILT_PRODUCTS_DIR; };
		A1DC03B11E99F6E8006B996B /* DoNotStressItTests.swift */ = {isa = PBXFileReference; lastKnownFileType = sourcecode.swift; path = DoNotStressItTests.swift; sourceTree = "<group>"; };
		A1DC03B31E99F6E8006B996B /* Info.plist */ = {isa = PBXFileReference; lastKnownFileType = text.plist.xml; path = Info.plist; sourceTree = "<group>"; };
		A1DC03B81E99F6E8006B996B /* DoNotStressItUITests.xctest */ = {isa = PBXFileReference; explicitFileType = wrapper.cfbundle; includeInIndex = 0; path = DoNotStressItUITests.xctest; sourceTree = BUILT_PRODUCTS_DIR; };
		A1DC03BC1E99F6E8006B996B /* DoNotStressItUITests.swift */ = {isa = PBXFileReference; lastKnownFileType = sourcecode.swift; path = DoNotStressItUITests.swift; sourceTree = "<group>"; };
		A1DC03BE1E99F6E8006B996B /* Info.plist */ = {isa = PBXFileReference; lastKnownFileType = text.plist.xml; path = Info.plist; sourceTree = "<group>"; };
		A1DC03CA1E99FBB0006B996B /* StudentSignupViewController.swift */ = {isa = PBXFileReference; fileEncoding = 4; lastKnownFileType = sourcecode.swift; path = StudentSignupViewController.swift; sourceTree = "<group>"; };
		A1DC03CC1E99FBB9006B996B /* TutorSignupViewController.swift */ = {isa = PBXFileReference; fileEncoding = 4; lastKnownFileType = sourcecode.swift; path = TutorSignupViewController.swift; sourceTree = "<group>"; };
		A1DC03CE1E99FBC1006B996B /* LoginViewController.swift */ = {isa = PBXFileReference; fileEncoding = 4; lastKnownFileType = sourcecode.swift; path = LoginViewController.swift; sourceTree = "<group>"; };
		B352AA2EBA56A9F02505C84E /* Pods_DoNotStressIt.framework */ = {isa = PBXFileReference; explicitFileType = wrapper.framework; includeInIndex = 0; path = Pods_DoNotStressIt.framework; sourceTree = BUILT_PRODUCTS_DIR; };
		B763C08AE8A845DC35CBDA0C /* Pods-DoNotStressItTests.debug.xcconfig */ = {isa = PBXFileReference; includeInIndex = 1; lastKnownFileType = text.xcconfig; name = "Pods-DoNotStressItTests.debug.xcconfig"; path = "Pods/Target Support Files/Pods-DoNotStressItTests/Pods-DoNotStressItTests.debug.xcconfig"; sourceTree = "<group>"; };
		D43A9402A43F9CA2D657FB74 /* Pods-DoNotStressIt.release.xcconfig */ = {isa = PBXFileReference; includeInIndex = 1; lastKnownFileType = text.xcconfig; name = "Pods-DoNotStressIt.release.xcconfig"; path = "Pods/Target Support Files/Pods-DoNotStressIt/Pods-DoNotStressIt.release.xcconfig"; sourceTree = "<group>"; };
		E30968A888BCC034319488D2 /* Pods_DoNotStressItUITests.framework */ = {isa = PBXFileReference; explicitFileType = wrapper.framework; includeInIndex = 0; path = Pods_DoNotStressItUITests.framework; sourceTree = BUILT_PRODUCTS_DIR; };
/* End PBXFileReference section */

/* Begin PBXFrameworksBuildPhase section */
		A1DC03961E99F6E8006B996B /* Frameworks */ = {
			isa = PBXFrameworksBuildPhase;
			buildActionMask = 2147483647;
			files = (
				93158EB3CDBB66D3C6CA3623 /* Pods_DoNotStressIt.framework in Frameworks */,
			);
			runOnlyForDeploymentPostprocessing = 0;
		};
		A1DC03AA1E99F6E8006B996B /* Frameworks */ = {
			isa = PBXFrameworksBuildPhase;
			buildActionMask = 2147483647;
			files = (
				C121459A83A3307952BD2FC5 /* Pods_DoNotStressItTests.framework in Frameworks */,
			);
			runOnlyForDeploymentPostprocessing = 0;
		};
		A1DC03B51E99F6E8006B996B /* Frameworks */ = {
			isa = PBXFrameworksBuildPhase;
			buildActionMask = 2147483647;
			files = (
				8A5EE194E0A721428E528D9C /* Pods_DoNotStressItUITests.framework in Frameworks */,
			);
			runOnlyForDeploymentPostprocessing = 0;
		};
/* End PBXFrameworksBuildPhase section */

/* Begin PBXGroup section */
		4C33C3C6011A85AB7EF5B8B9 /* Frameworks */ = {
			isa = PBXGroup;
			children = (
				B352AA2EBA56A9F02505C84E /* Pods_DoNotStressIt.framework */,
				2A8FE0605FB6F1FBC688BAD5 /* Pods_DoNotStressItTests.framework */,
				E30968A888BCC034319488D2 /* Pods_DoNotStressItUITests.framework */,
			);
			name = Frameworks;
			sourceTree = "<group>";
		};
		96300B2220CC1F603A137ABF /* Pods */ = {
			isa = PBXGroup;
			children = (
				8F7A00ABE7F26B3315B84E15 /* Pods-DoNotStressIt.debug.xcconfig */,
				D43A9402A43F9CA2D657FB74 /* Pods-DoNotStressIt.release.xcconfig */,
				B763C08AE8A845DC35CBDA0C /* Pods-DoNotStressItTests.debug.xcconfig */,
				76A0E6DA830250F69EE7F27D /* Pods-DoNotStressItTests.release.xcconfig */,
				3558B11FBD8251E0E77DB220 /* Pods-DoNotStressItUITests.debug.xcconfig */,
				3E9D2B0B485ED447F1B3E8B1 /* Pods-DoNotStressItUITests.release.xcconfig */,
			);
			name = Pods;
			sourceTree = "<group>";
		};
		A1DC03901E99F6E8006B996B = {
			isa = PBXGroup;
			children = (
				A1DC039B1E99F6E8006B996B /* DoNotStressIt */,
				A1DC03B01E99F6E8006B996B /* DoNotStressItTests */,
				A1DC03BB1E99F6E8006B996B /* DoNotStressItUITests */,
				A1DC039A1E99F6E8006B996B /* Products */,
				96300B2220CC1F603A137ABF /* Pods */,
				4C33C3C6011A85AB7EF5B8B9 /* Frameworks */,
			);
			sourceTree = "<group>";
		};
		A1DC039A1E99F6E8006B996B /* Products */ = {
			isa = PBXGroup;
			children = (
				A1DC03991E99F6E8006B996B /* DoNotStressIt.app */,
				A1DC03AD1E99F6E8006B996B /* DoNotStressItTests.xctest */,
				A1DC03B81E99F6E8006B996B /* DoNotStressItUITests.xctest */,
			);
			name = Products;
			sourceTree = "<group>";
		};
		A1DC039B1E99F6E8006B996B /* DoNotStressIt */ = {
			isa = PBXGroup;
			children = (
				A142AC601E9A542D0063B221 /* ChatUIView.swift */,
				A1004ABF1E9A0739007B7F44 /* GoogleService-Info.plist */,
				A1DC039C1E99F6E8006B996B /* AppDelegate.swift */,
				A1DC039E1E99F6E8006B996B /* ViewController.swift */,
				A1DC03A01E99F6E8006B996B /* Main.storyboard */,
				A1DC03CA1E99FBB0006B996B /* StudentSignupViewController.swift */,
				A1DC03CC1E99FBB9006B996B /* TutorSignupViewController.swift */,
				A1DC03CE1E99FBC1006B996B /* LoginViewController.swift */,
				A1DC03A31E99F6E8006B996B /* Assets.xcassets */,
				A1DC03A51E99F6E8006B996B /* LaunchScreen.storyboard */,
				A1DC03A81E99F6E8006B996B /* Info.plist */,
			);
			path = DoNotStressIt;
			sourceTree = "<group>";
		};
		A1DC03B01E99F6E8006B996B /* DoNotStressItTests */ = {
			isa = PBXGroup;
			children = (
				A1DC03B11E99F6E8006B996B /* DoNotStressItTests.swift */,
				A1DC03B31E99F6E8006B996B /* Info.plist */,
			);
			path = DoNotStressItTests;
			sourceTree = "<group>";
		};
		A1DC03BB1E99F6E8006B996B /* DoNotStressItUITests */ = {
			isa = PBXGroup;
			children = (
				A1DC03BC1E99F6E8006B996B /* DoNotStressItUITests.swift */,
				A1DC03BE1E99F6E8006B996B /* Info.plist */,
			);
			path = DoNotStressItUITests;
			sourceTree = "<group>";
		};
/* End PBXGroup section */

/* Begin PBXNativeTarget section */
		A1DC03981E99F6E8006B996B /* DoNotStressIt */ = {
			isa = PBXNativeTarget;
			buildConfigurationList = A1DC03C11E99F6E8006B996B /* Build configuration list for PBXNativeTarget "DoNotStressIt" */;
			buildPhases = (
				278055536D8B1DB5CCAB11A2 /* [CP] Check Pods Manifest.lock */,
				A1DC03951E99F6E8006B996B /* Sources */,
				A1DC03961E99F6E8006B996B /* Frameworks */,
				A1DC03971E99F6E8006B996B /* Resources */,
				D49CD48E98E20A277AF4FA5C /* [CP] Embed Pods Frameworks */,
				00619926A532F0E50BB5BDE1 /* [CP] Copy Pods Resources */,
			);
			buildRules = (
			);
			dependencies = (
			);
			name = DoNotStressIt;
			productName = DoNotStressIt;
			productReference = A1DC03991E99F6E8006B996B /* DoNotStressIt.app */;
			productType = "com.apple.product-type.application";
		};
		A1DC03AC1E99F6E8006B996B /* DoNotStressItTests */ = {
			isa = PBXNativeTarget;
			buildConfigurationList = A1DC03C41E99F6E8006B996B /* Build configuration list for PBXNativeTarget "DoNotStressItTests" */;
			buildPhases = (
				1C7B33049F25D777970E6253 /* [CP] Check Pods Manifest.lock */,
				A1DC03A91E99F6E8006B996B /* Sources */,
				A1DC03AA1E99F6E8006B996B /* Frameworks */,
				A1DC03AB1E99F6E8006B996B /* Resources */,
				396916F28233243CBADD3352 /* [CP] Embed Pods Frameworks */,
				F9353C58F7C02C39E61317B1 /* [CP] Copy Pods Resources */,
			);
			buildRules = (
			);
			dependencies = (
				A1DC03AF1E99F6E8006B996B /* PBXTargetDependency */,
			);
			name = DoNotStressItTests;
			productName = DoNotStressItTests;
			productReference = A1DC03AD1E99F6E8006B996B /* DoNotStressItTests.xctest */;
			productType = "com.apple.product-type.bundle.unit-test";
		};
		A1DC03B71E99F6E8006B996B /* DoNotStressItUITests */ = {
			isa = PBXNativeTarget;
			buildConfigurationList = A1DC03C71E99F6E8006B996B /* Build configuration list for PBXNativeTarget "DoNotStressItUITests" */;
			buildPhases = (
				6DFFBCFF2F23C9CE583E1072 /* [CP] Check Pods Manifest.lock */,
				A1DC03B41E99F6E8006B996B /* Sources */,
				A1DC03B51E99F6E8006B996B /* Frameworks */,
				A1DC03B61E99F6E8006B996B /* Resources */,
				87E02CE8D0DAB30DC5367BE5 /* [CP] Embed Pods Frameworks */,
				384AD6A443ED52AACBAE4D82 /* [CP] Copy Pods Resources */,
			);
			buildRules = (
			);
			dependencies = (
				A1DC03BA1E99F6E8006B996B /* PBXTargetDependency */,
			);
			name = DoNotStressItUITests;
			productName = DoNotStressItUITests;
			productReference = A1DC03B81E99F6E8006B996B /* DoNotStressItUITests.xctest */;
			productType = "com.apple.product-type.bundle.ui-testing";
		};
/* End PBXNativeTarget section */

/* Begin PBXProject section */
		A1DC03911E99F6E8006B996B /* Project object */ = {
			isa = PBXProject;
			attributes = {
				LastSwiftUpdateCheck = 0830;
				LastUpgradeCheck = 0830;
				ORGANIZATIONNAME = "Andy Wong";
				TargetAttributes = {
					A1DC03981E99F6E8006B996B = {
						CreatedOnToolsVersion = 8.3.1;
						DevelopmentTeam = EURL27CLKV;
						ProvisioningStyle = Automatic;
					};
					A1DC03AC1E99F6E8006B996B = {
						CreatedOnToolsVersion = 8.3.1;
						DevelopmentTeam = EURL27CLKV;
						ProvisioningStyle = Automatic;
						TestTargetID = A1DC03981E99F6E8006B996B;
					};
					A1DC03B71E99F6E8006B996B = {
						CreatedOnToolsVersion = 8.3.1;
						DevelopmentTeam = EURL27CLKV;
						ProvisioningStyle = Automatic;
						TestTargetID = A1DC03981E99F6E8006B996B;
					};
				};
			};
			buildConfigurationList = A1DC03941E99F6E8006B996B /* Build configuration list for PBXProject "DoNotStressIt" */;
			compatibilityVersion = "Xcode 3.2";
			developmentRegion = English;
			hasScannedForEncodings = 0;
			knownRegions = (
				en,
				Base,
			);
			mainGroup = A1DC03901E99F6E8006B996B;
			productRefGroup = A1DC039A1E99F6E8006B996B /* Products */;
			projectDirPath = "";
			projectRoot = "";
			targets = (
				A1DC03981E99F6E8006B996B /* DoNotStressIt */,
				A1DC03AC1E99F6E8006B996B /* DoNotStressItTests */,
				A1DC03B71E99F6E8006B996B /* DoNotStressItUITests */,
			);
		};
/* End PBXProject section */

/* Begin PBXResourcesBuildPhase section */
		A1DC03971E99F6E8006B996B /* Resources */ = {
			isa = PBXResourcesBuildPhase;
			buildActionMask = 2147483647;
			files = (
				A1DC03A71E99F6E8006B996B /* LaunchScreen.storyboard in Resources */,
				A1004AC01E9A0739007B7F44 /* GoogleService-Info.plist in Resources */,
				A1DC03A41E99F6E8006B996B /* Assets.xcassets in Resources */,
				A1DC03A21E99F6E8006B996B /* Main.storyboard in Resources */,
			);
			runOnlyForDeploymentPostprocessing = 0;
		};
		A1DC03AB1E99F6E8006B996B /* Resources */ = {
			isa = PBXResourcesBuildPhase;
			buildActionMask = 2147483647;
			files = (
				A1004AC11E9A0739007B7F44 /* GoogleService-Info.plist in Resources */,
			);
			runOnlyForDeploymentPostprocessing = 0;
		};
		A1DC03B61E99F6E8006B996B /* Resources */ = {
			isa = PBXResourcesBuildPhase;
			buildActionMask = 2147483647;
			files = (
				A1004AC21E9A0739007B7F44 /* GoogleService-Info.plist in Resources */,
			);
			runOnlyForDeploymentPostprocessing = 0;
		};
/* End PBXResourcesBuildPhase section */

/* Begin PBXShellScriptBuildPhase section */
		00619926A532F0E50BB5BDE1 /* [CP] Copy Pods Resources */ = {
			isa = PBXShellScriptBuildPhase;
			buildActionMask = 2147483647;
			files = (
			);
			inputPaths = (
			);
			name = "[CP] Copy Pods Resources";
			outputPaths = (
			);
			runOnlyForDeploymentPostprocessing = 0;
			shellPath = /bin/sh;
			shellScript = "\"${SRCROOT}/Pods/Target Support Files/Pods-DoNotStressIt/Pods-DoNotStressIt-resources.sh\"\n";
			showEnvVarsInLog = 0;
		};
		1C7B33049F25D777970E6253 /* [CP] Check Pods Manifest.lock */ = {
			isa = PBXShellScriptBuildPhase;
			buildActionMask = 2147483647;
			files = (
			);
			inputPaths = (
			);
			name = "[CP] Check Pods Manifest.lock";
			outputPaths = (
			);
			runOnlyForDeploymentPostprocessing = 0;
			shellPath = /bin/sh;
			shellScript = "diff \"${PODS_ROOT}/../Podfile.lock\" \"${PODS_ROOT}/Manifest.lock\" > /dev/null\nif [ $? != 0 ] ; then\n    # print error to STDERR\n    echo \"error: The sandbox is not in sync with the Podfile.lock. Run 'pod install' or update your CocoaPods installation.\" >&2\n    exit 1\nfi\n";
			showEnvVarsInLog = 0;
		};
		278055536D8B1DB5CCAB11A2 /* [CP] Check Pods Manifest.lock */ = {
			isa = PBXShellScriptBuildPhase;
			buildActionMask = 2147483647;
			files = (
			);
			inputPaths = (
			);
			name = "[CP] Check Pods Manifest.lock";
			outputPaths = (
			);
			runOnlyForDeploymentPostprocessing = 0;
			shellPath = /bin/sh;
			shellScript = "diff \"${PODS_ROOT}/../Podfile.lock\" \"${PODS_ROOT}/Manifest.lock\" > /dev/null\nif [ $? != 0 ] ; then\n    # print error to STDERR\n    echo \"error: The sandbox is not in sync with the Podfile.lock. Run 'pod install' or update your CocoaPods installation.\" >&2\n    exit 1\nfi\n";
			showEnvVarsInLog = 0;
		};
		384AD6A443ED52AACBAE4D82 /* [CP] Copy Pods Resources */ = {
			isa = PBXShellScriptBuildPhase;
			buildActionMask = 2147483647;
			files = (
			);
			inputPaths = (
			);
			name = "[CP] Copy Pods Resources";
			outputPaths = (
			);
			runOnlyForDeploymentPostprocessing = 0;
			shellPath = /bin/sh;
			shellScript = "\"${SRCROOT}/Pods/Target Support Files/Pods-DoNotStressItUITests/Pods-DoNotStressItUITests-resources.sh\"\n";
			showEnvVarsInLog = 0;
		};
		396916F28233243CBADD3352 /* [CP] Embed Pods Frameworks */ = {
			isa = PBXShellScriptBuildPhase;
			buildActionMask = 2147483647;
			files = (
			);
			inputPaths = (
			);
			name = "[CP] Embed Pods Frameworks";
			outputPaths = (
			);
			runOnlyForDeploymentPostprocessing = 0;
			shellPath = /bin/sh;
			shellScript = "\"${SRCROOT}/Pods/Target Support Files/Pods-DoNotStressItTests/Pods-DoNotStressItTests-frameworks.sh\"\n";
			showEnvVarsInLog = 0;
		};
		6DFFBCFF2F23C9CE583E1072 /* [CP] Check Pods Manifest.lock */ = {
			isa = PBXShellScriptBuildPhase;
			buildActionMask = 2147483647;
			files = (
			);
			inputPaths = (
			);
			name = "[CP] Check Pods Manifest.lock";
			outputPaths = (
			);
			runOnlyForDeploymentPostprocessing = 0;
			shellPath = /bin/sh;
			shellScript = "diff \"${PODS_ROOT}/../Podfile.lock\" \"${PODS_ROOT}/Manifest.lock\" > /dev/null\nif [ $? != 0 ] ; then\n    # print error to STDERR\n    echo \"error: The sandbox is not in sync with the Podfile.lock. Run 'pod install' or update your CocoaPods installation.\" >&2\n    exit 1\nfi\n";
			showEnvVarsInLog = 0;
		};
		87E02CE8D0DAB30DC5367BE5 /* [CP] Embed Pods Frameworks */ = {
			isa = PBXShellScriptBuildPhase;
			buildActionMask = 2147483647;
			files = (
			);
			inputPaths = (
			);
			name = "[CP] Embed Pods Frameworks";
			outputPaths = (
			);
			runOnlyForDeploymentPostprocessing = 0;
			shellPath = /bin/sh;
			shellScript = "\"${SRCROOT}/Pods/Target Support Files/Pods-DoNotStressItUITests/Pods-DoNotStressItUITests-frameworks.sh\"\n";
			showEnvVarsInLog = 0;
		};
		D49CD48E98E20A277AF4FA5C /* [CP] Embed Pods Frameworks */ = {
			isa = PBXShellScriptBuildPhase;
			buildActionMask = 2147483647;
			files = (
			);
			inputPaths = (
			);
			name = "[CP] Embed Pods Frameworks";
			outputPaths = (
			);
			runOnlyForDeploymentPostprocessing = 0;
			shellPath = /bin/sh;
			shellScript = "\"${SRCROOT}/Pods/Target Support Files/Pods-DoNotStressIt/Pods-DoNotStressIt-frameworks.sh\"\n";
			showEnvVarsInLog = 0;
		};
		F9353C58F7C02C39E61317B1 /* [CP] Copy Pods Resources */ = {
			isa = PBXShellScriptBuildPhase;
			buildActionMask = 2147483647;
			files = (
			);
			inputPaths = (
			);
			name = "[CP] Copy Pods Resources";
			outputPaths = (
			);
			runOnlyForDeploymentPostprocessing = 0;
			shellPath = /bin/sh;
			shellScript = "\"${SRCROOT}/Pods/Target Support Files/Pods-DoNotStressItTests/Pods-DoNotStressItTests-resources.sh\"\n";
			showEnvVarsInLog = 0;
		};
/* End PBXShellScriptBuildPhase section */

/* Begin PBXSourcesBuildPhase section */
		A1DC03951E99F6E8006B996B /* Sources */ = {
			isa = PBXSourcesBuildPhase;
			buildActionMask = 2147483647;
			files = (
				A1DC039F1E99F6E8006B996B /* ViewController.swift in Sources */,
				A1DC03CD1E99FBB9006B996B /* TutorSignupViewController.swift in Sources */,
				A1DC03CB1E99FBB0006B996B /* StudentSignupViewController.swift in Sources */,
				A1DC03CF1E99FBC1006B996B /* LoginViewController.swift in Sources */,
				A142AC611E9A542D0063B221 /* ChatUIView.swift in Sources */,
				A1DC039D1E99F6E8006B996B /* AppDelegate.swift in Sources */,
			);
			runOnlyForDeploymentPostprocessing = 0;
		};
		A1DC03A91E99F6E8006B996B /* Sources */ = {
			isa = PBXSourcesBuildPhase;
			buildActionMask = 2147483647;
			files = (
				A142AC621E9A542D0063B221 /* ChatUIView.swift in Sources */,
				A1DC03B21E99F6E8006B996B /* DoNotStressItTests.swift in Sources */,
			);
			runOnlyForDeploymentPostprocessing = 0;
		};
		A1DC03B41E99F6E8006B996B /* Sources */ = {
			isa = PBXSourcesBuildPhase;
			buildActionMask = 2147483647;
			files = (
				A142AC631E9A542D0063B221 /* ChatUIView.swift in Sources */,
				A1DC03BD1E99F6E8006B996B /* DoNotStressItUITests.swift in Sources */,
			);
			runOnlyForDeploymentPostprocessing = 0;
		};
/* End PBXSourcesBuildPhase section */

/* Begin PBXTargetDependency section */
		A1DC03AF1E99F6E8006B996B /* PBXTargetDependency */ = {
			isa = PBXTargetDependency;
			target = A1DC03981E99F6E8006B996B /* DoNotStressIt */;
			targetProxy = A1DC03AE1E99F6E8006B996B /* PBXContainerItemProxy */;
		};
		A1DC03BA1E99F6E8006B996B /* PBXTargetDependency */ = {
			isa = PBXTargetDependency;
			target = A1DC03981E99F6E8006B996B /* DoNotStressIt */;
			targetProxy = A1DC03B91E99F6E8006B996B /* PBXContainerItemProxy */;
		};
/* End PBXTargetDependency section */

/* Begin PBXVariantGroup section */
		A1DC03A01E99F6E8006B996B /* Main.storyboard */ = {
			isa = PBXVariantGroup;
			children = (
				A1DC03A11E99F6E8006B996B /* Base */,
			);
			name = Main.storyboard;
			sourceTree = "<group>";
		};
		A1DC03A51E99F6E8006B996B /* LaunchScreen.storyboard */ = {
			isa = PBXVariantGroup;
			children = (
				A1DC03A61E99F6E8006B996B /* Base */,
			);
			name = LaunchScreen.storyboard;
			sourceTree = "<group>";
		};
/* End PBXVariantGroup section */

/* Begin XCBuildConfiguration section */
		A1DC03BF1E99F6E8006B996B /* Debug */ = {
			isa = XCBuildConfiguration;
			buildSettings = {
				ALWAYS_SEARCH_USER_PATHS = NO;
				CLANG_ANALYZER_NONNULL = YES;
				CLANG_ANALYZER_NUMBER_OBJECT_CONVERSION = YES_AGGRESSIVE;
				CLANG_CXX_LANGUAGE_STANDARD = "gnu++0x";
				CLANG_CXX_LIBRARY = "libc++";
				CLANG_ENABLE_MODULES = YES;
				CLANG_ENABLE_OBJC_ARC = YES;
				CLANG_WARN_BOOL_CONVERSION = YES;
				CLANG_WARN_CONSTANT_CONVERSION = YES;
				CLANG_WARN_DIRECT_OBJC_ISA_USAGE = YES_ERROR;
				CLANG_WARN_DOCUMENTATION_COMMENTS = YES;
				CLANG_WARN_EMPTY_BODY = YES;
				CLANG_WARN_ENUM_CONVERSION = YES;
				CLANG_WARN_INFINITE_RECURSION = YES;
				CLANG_WARN_INT_CONVERSION = YES;
				CLANG_WARN_OBJC_ROOT_CLASS = YES_ERROR;
				CLANG_WARN_SUSPICIOUS_MOVE = YES;
				CLANG_WARN_UNREACHABLE_CODE = YES;
				CLANG_WARN__DUPLICATE_METHOD_MATCH = YES;
				"CODE_SIGN_IDENTITY[sdk=iphoneos*]" = "iPhone Developer";
				COPY_PHASE_STRIP = NO;
				DEBUG_INFORMATION_FORMAT = dwarf;
				ENABLE_STRICT_OBJC_MSGSEND = YES;
				ENABLE_TESTABILITY = YES;
				GCC_C_LANGUAGE_STANDARD = gnu99;
				GCC_DYNAMIC_NO_PIC = NO;
				GCC_NO_COMMON_BLOCKS = YES;
				GCC_OPTIMIZATION_LEVEL = 0;
				GCC_PREPROCESSOR_DEFINITIONS = (
					"DEBUG=1",
					"$(inherited)",
				);
				GCC_WARN_64_TO_32_BIT_CONVERSION = YES;
				GCC_WARN_ABOUT_RETURN_TYPE = YES_ERROR;
				GCC_WARN_UNDECLARED_SELECTOR = YES;
				GCC_WARN_UNINITIALIZED_AUTOS = YES_AGGRESSIVE;
				GCC_WARN_UNUSED_FUNCTION = YES;
				GCC_WARN_UNUSED_VARIABLE = YES;
				IPHONEOS_DEPLOYMENT_TARGET = 10.3;
				MTL_ENABLE_DEBUG_INFO = YES;
				ONLY_ACTIVE_ARCH = YES;
				SDKROOT = iphoneos;
				SWIFT_ACTIVE_COMPILATION_CONDITIONS = DEBUG;
				SWIFT_OPTIMIZATION_LEVEL = "-Onone";
				TARGETED_DEVICE_FAMILY = "1,2";
			};
			name = Debug;
		};
		A1DC03C01E99F6E8006B996B /* Release */ = {
			isa = XCBuildConfiguration;
			buildSettings = {
				ALWAYS_SEARCH_USER_PATHS = NO;
				CLANG_ANALYZER_NONNULL = YES;
				CLANG_ANALYZER_NUMBER_OBJECT_CONVERSION = YES_AGGRESSIVE;
				CLANG_CXX_LANGUAGE_STANDARD = "gnu++0x";
				CLANG_CXX_LIBRARY = "libc++";
				CLANG_ENABLE_MODULES = YES;
				CLANG_ENABLE_OBJC_ARC = YES;
				CLANG_WARN_BOOL_CONVERSION = YES;
				CLANG_WARN_CONSTANT_CONVERSION = YES;
				CLANG_WARN_DIRECT_OBJC_ISA_USAGE = YES_ERROR;
				CLANG_WARN_DOCUMENTATION_COMMENTS = YES;
				CLANG_WARN_EMPTY_BODY = YES;
				CLANG_WARN_ENUM_CONVERSION = YES;
				CLANG_WARN_INFINITE_RECURSION = YES;
				CLANG_WARN_INT_CONVERSION = YES;
				CLANG_WARN_OBJC_ROOT_CLASS = YES_ERROR;
				CLANG_WARN_SUSPICIOUS_MOVE = YES;
				CLANG_WARN_UNREACHABLE_CODE = YES;
				CLANG_WARN__DUPLICATE_METHOD_MATCH = YES;
				"CODE_SIGN_IDENTITY[sdk=iphoneos*]" = "iPhone Developer";
				COPY_PHASE_STRIP = NO;
				DEBUG_INFORMATION_FORMAT = "dwarf-with-dsym";
				ENABLE_NS_ASSERTIONS = NO;
				ENABLE_STRICT_OBJC_MSGSEND = YES;
				GCC_C_LANGUAGE_STANDARD = gnu99;
				GCC_NO_COMMON_BLOCKS = YES;
				GCC_WARN_64_TO_32_BIT_CONVERSION = YES;
				GCC_WARN_ABOUT_RETURN_TYPE = YES_ERROR;
				GCC_WARN_UNDECLARED_SELECTOR = YES;
				GCC_WARN_UNINITIALIZED_AUTOS = YES_AGGRESSIVE;
				GCC_WARN_UNUSED_FUNCTION = YES;
				GCC_WARN_UNUSED_VARIABLE = YES;
				IPHONEOS_DEPLOYMENT_TARGET = 10.3;
				MTL_ENABLE_DEBUG_INFO = NO;
				SDKROOT = iphoneos;
				SWIFT_OPTIMIZATION_LEVEL = "-Owholemodule";
				TARGETED_DEVICE_FAMILY = "1,2";
				VALIDATE_PRODUCT = YES;
			};
			name = Release;
		};
		A1DC03C21E99F6E8006B996B /* Debug */ = {
			isa = XCBuildConfiguration;
			baseConfigurationReference = 8F7A00ABE7F26B3315B84E15 /* Pods-DoNotStressIt.debug.xcconfig */;
			buildSettings = {
				ASSETCATALOG_COMPILER_APPICON_NAME = AppIcon;
				DEVELOPMENT_TEAM = EURL27CLKV;
				INFOPLIST_FILE = DoNotStressIt/Info.plist;
				LD_RUNPATH_SEARCH_PATHS = "$(inherited) @executable_path/Frameworks";
				PRODUCT_BUNDLE_IDENTIFIER = com.andywong.DoNotStressIt;
				PRODUCT_NAME = "$(TARGET_NAME)";
				SWIFT_VERSION = 3.0;
			};
			name = Debug;
		};
		A1DC03C31E99F6E8006B996B /* Release */ = {
			isa = XCBuildConfiguration;
			baseConfigurationReference = D43A9402A43F9CA2D657FB74 /* Pods-DoNotStressIt.release.xcconfig */;
			buildSettings = {
				ASSETCATALOG_COMPILER_APPICON_NAME = AppIcon;
				DEVELOPMENT_TEAM = EURL27CLKV;
				INFOPLIST_FILE = DoNotStressIt/Info.plist;
				LD_RUNPATH_SEARCH_PATHS = "$(inherited) @executable_path/Frameworks";
				PRODUCT_BUNDLE_IDENTIFIER = com.andywong.DoNotStressIt;
				PRODUCT_NAME = "$(TARGET_NAME)";
				SWIFT_VERSION = 3.0;
			};
			name = Release;
		};
		A1DC03C51E99F6E8006B996B /* Debug */ = {
			isa = XCBuildConfiguration;
			baseConfigurationReference = B763C08AE8A845DC35CBDA0C /* Pods-DoNotStressItTests.debug.xcconfig */;
			buildSettings = {
				ALWAYS_EMBED_SWIFT_STANDARD_LIBRARIES = YES;
				BUNDLE_LOADER = "$(TEST_HOST)";
				DEVELOPMENT_TEAM = EURL27CLKV;
				INFOPLIST_FILE = DoNotStressItTests/Info.plist;
				LD_RUNPATH_SEARCH_PATHS = "$(inherited) @executable_path/Frameworks @loader_path/Frameworks";
				PRODUCT_BUNDLE_IDENTIFIER = com.andywong.DoNotStressItTests;
				PRODUCT_NAME = "$(TARGET_NAME)";
				SWIFT_VERSION = 3.0;
				TEST_HOST = "$(BUILT_PRODUCTS_DIR)/DoNotStressIt.app/DoNotStressIt";
			};
			name = Debug;
		};
		A1DC03C61E99F6E8006B996B /* Release */ = {
			isa = XCBuildConfiguration;
			baseConfigurationReference = 76A0E6DA830250F69EE7F27D /* Pods-DoNotStressItTests.release.xcconfig */;
			buildSettings = {
				ALWAYS_EMBED_SWIFT_STANDARD_LIBRARIES = YES;
				BUNDLE_LOADER = "$(TEST_HOST)";
				DEVELOPMENT_TEAM = EURL27CLKV;
				INFOPLIST_FILE = DoNotStressItTests/Info.plist;
				LD_RUNPATH_SEARCH_PATHS = "$(inherited) @executable_path/Frameworks @loader_path/Frameworks";
				PRODUCT_BUNDLE_IDENTIFIER = com.andywong.DoNotStressItTests;
				PRODUCT_NAME = "$(TARGET_NAME)";
				SWIFT_VERSION = 3.0;
				TEST_HOST = "$(BUILT_PRODUCTS_DIR)/DoNotStressIt.app/DoNotStressIt";
			};
			name = Release;
		};
		A1DC03C81E99F6E8006B996B /* Debug */ = {
			isa = XCBuildConfiguration;
			baseConfigurationReference = 3558B11FBD8251E0E77DB220 /* Pods-DoNotStressItUITests.debug.xcconfig */;
			buildSettings = {
				ALWAYS_EMBED_SWIFT_STANDARD_LIBRARIES = YES;
				DEVELOPMENT_TEAM = EURL27CLKV;
				INFOPLIST_FILE = DoNotStressItUITests/Info.plist;
				LD_RUNPATH_SEARCH_PATHS = "$(inherited) @executable_path/Frameworks @loader_path/Frameworks";
				PRODUCT_BUNDLE_IDENTIFIER = com.andywong.DoNotStressItUITests;
				PRODUCT_NAME = "$(TARGET_NAME)";
				SWIFT_VERSION = 3.0;
				TEST_TARGET_NAME = DoNotStressIt;
			};
			name = Debug;
		};
		A1DC03C91E99F6E8006B996B /* Release */ = {
			isa = XCBuildConfiguration;
			baseConfigurationReference = 3E9D2B0B485ED447F1B3E8B1 /* Pods-DoNotStressItUITests.release.xcconfig */;
			buildSettings = {
				ALWAYS_EMBED_SWIFT_STANDARD_LIBRARIES = YES;
				DEVELOPMENT_TEAM = EURL27CLKV;
				INFOPLIST_FILE = DoNotStressItUITests/Info.plist;
				LD_RUNPATH_SEARCH_PATHS = "$(inherited) @executable_path/Frameworks @loader_path/Frameworks";
				PRODUCT_BUNDLE_IDENTIFIER = com.andywong.DoNotStressItUITests;
				PRODUCT_NAME = "$(TARGET_NAME)";
				SWIFT_VERSION = 3.0;
				TEST_TARGET_NAME = DoNotStressIt;
			};
			name = Release;
		};
/* End XCBuildConfiguration section */

/* Begin XCConfigurationList section */
		A1DC03941E99F6E8006B996B /* Build configuration list for PBXProject "DoNotStressIt" */ = {
			isa = XCConfigurationList;
			buildConfigurations = (
				A1DC03BF1E99F6E8006B996B /* Debug */,
				A1DC03C01E99F6E8006B996B /* Release */,
			);
			defaultConfigurationIsVisible = 0;
			defaultConfigurationName = Release;
		};
		A1DC03C11E99F6E8006B996B /* Build configuration list for PBXNativeTarget "DoNotStressIt" */ = {
			isa = XCConfigurationList;
			buildConfigurations = (
				A1DC03C21E99F6E8006B996B /* Debug */,
				A1DC03C31E99F6E8006B996B /* Release */,
			);
			defaultConfigurationIsVisible = 0;
			defaultConfigurationName = Release;
		};
		A1DC03C41E99F6E8006B996B /* Build configuration list for PBXNativeTarget "DoNotStressItTests" */ = {
			isa = XCConfigurationList;
			buildConfigurations = (
				A1DC03C51E99F6E8006B996B /* Debug */,
				A1DC03C61E99F6E8006B996B /* Release */,
			);
			defaultConfigurationIsVisible = 0;
			defaultConfigurationName = Release;
		};
		A1DC03C71E99F6E8006B996B /* Build configuration list for PBXNativeTarget "DoNotStressItUITests" */ = {
			isa = XCConfigurationList;
			buildConfigurations = (
				A1DC03C81E99F6E8006B996B /* Debug */,
				A1DC03C91E99F6E8006B996B /* Release */,
			);
			defaultConfigurationIsVisible = 0;
			defaultConfigurationName = Release;
		};
/* End XCConfigurationList section */
	};
	rootObject = A1DC03911E99F6E8006B996B /* Project object */;
}
